// !$*UTF8*$!
{
	archiveVersion = 1;
	classes = {
	};
	objectVersion = 50;
	objects = {

/* Begin PBXBuildFile section */
		FC1A81B2241DCF64005245A2 /* AppDelegate.swift in Sources */ = {isa = PBXBuildFile; fileRef = FC1A81B1241DCF64005245A2 /* AppDelegate.swift */; };
		FC1A81B4241DCF64005245A2 /* SceneDelegate.swift in Sources */ = {isa = PBXBuildFile; fileRef = FC1A81B3241DCF64005245A2 /* SceneDelegate.swift */; };
		FC1A81B6241DCF64005245A2 /* ViewController.swift in Sources */ = {isa = PBXBuildFile; fileRef = FC1A81B5241DCF64005245A2 /* ViewController.swift */; };
		FC1A81B9241DCF64005245A2 /* Main.storyboard in Resources */ = {isa = PBXBuildFile; fileRef = FC1A81B7241DCF64005245A2 /* Main.storyboard */; };
		FC1A81BB241DCF65005245A2 /* Assets.xcassets in Resources */ = {isa = PBXBuildFile; fileRef = FC1A81BA241DCF65005245A2 /* Assets.xcassets */; };
		FC1A81BE241DCF65005245A2 /* LaunchScreen.storyboard in Resources */ = {isa = PBXBuildFile; fileRef = FC1A81BC241DCF65005245A2 /* LaunchScreen.storyboard */; };
		FC1A81C9241DCF65005245A2 /* MyCameraTests.swift in Sources */ = {isa = PBXBuildFile; fileRef = FC1A81C8241DCF65005245A2 /* MyCameraTests.swift */; };
		FC1A81D4241DCF65005245A2 /* MyCameraUITests.swift in Sources */ = {isa = PBXBuildFile; fileRef = FC1A81D3241DCF65005245A2 /* MyCameraUITests.swift */; };
/* End PBXBuildFile section */

/* Begin PBXContainerItemProxy section */
		FC1A81C5241DCF65005245A2 /* PBXContainerItemProxy */ = {
			isa = PBXContainerItemProxy;
			containerPortal = FC1A81A6241DCF64005245A2 /* Project object */;
			proxyType = 1;
			remoteGlobalIDString = FC1A81AD241DCF64005245A2;
			remoteInfo = MyCamera;
		};
		FC1A81D0241DCF65005245A2 /* PBXContainerItemProxy */ = {
			isa = PBXContainerItemProxy;
			containerPortal = FC1A81A6241DCF64005245A2 /* Project object */;
			proxyType = 1;
			remoteGlobalIDString = FC1A81AD241DCF64005245A2;
			remoteInfo = MyCamera;
		};
/* End PBXContainerItemProxy section */

/* Begin PBXFileReference section */
		FC1A81AE241DCF64005245A2 /* MyCamera.app */ = {isa = PBXFileReference; explicitFileType = wrapper.application; includeInIndex = 0; path = MyCamera.app; sourceTree = BUILT_PRODUCTS_DIR; };
		FC1A81B1241DCF64005245A2 /* AppDelegate.swift */ = {isa = PBXFileReference; lastKnownFileType = sourcecode.swift; path = AppDelegate.swift; sourceTree = "<group>"; };
		FC1A81B3241DCF64005245A2 /* SceneDelegate.swift */ = {isa = PBXFileReference; lastKnownFileType = sourcecode.swift; path = SceneDelegate.swift; sourceTree = "<group>"; };
		FC1A81B5241DCF64005245A2 /* ViewController.swift */ = {isa = PBXFileReference; lastKnownFileType = sourcecode.swift; path = ViewController.swift; sourceTree = "<group>"; };
		FC1A81B8241DCF64005245A2 /* Base */ = {isa = PBXFileReference; lastKnownFileType = file.storyboard; name = Base; path = Base.lproj/Main.storyboard; sourceTree = "<group>"; };
		FC1A81BA241DCF65005245A2 /* Assets.xcassets */ = {isa = PBXFileReference; lastKnownFileType = folder.assetcatalog; path = Assets.xcassets; sourceTree = "<group>"; };
		FC1A81BD241DCF65005245A2 /* Base */ = {isa = PBXFileReference; lastKnownFileType = file.storyboard; name = Base; path = Base.lproj/LaunchScreen.storyboard; sourceTree = "<group>"; };
		FC1A81BF241DCF65005245A2 /* Info.plist */ = {isa = PBXFileReference; lastKnownFileType = text.plist.xml; path = Info.plist; sourceTree = "<group>"; };
		FC1A81C4241DCF65005245A2 /* MyCameraTests.xctest */ = {isa = PBXFileReference; explicitFileType = wrapper.cfbundle; includeInIndex = 0; path = MyCameraTests.xctest; sourceTree = BUILT_PRODUCTS_DIR; };
		FC1A81C8241DCF65005245A2 /* MyCameraTests.swift */ = {isa = PBXFileReference; lastKnownFileType = sourcecode.swift; path = MyCameraTests.swift; sourceTree = "<group>"; };
		FC1A81CA241DCF65005245A2 /* Info.plist */ = {isa = PBXFileReference; lastKnownFileType = text.plist.xml; path = Info.plist; sourceTree = "<group>"; };
		FC1A81CF241DCF65005245A2 /* MyCameraUITests.xctest */ = {isa = PBXFileReference; explicitFileType = wrapper.cfbundle; includeInIndex = 0; path = MyCameraUITests.xctest; sourceTree = BUILT_PRODUCTS_DIR; };
		FC1A81D3241DCF65005245A2 /* MyCameraUITests.swift */ = {isa = PBXFileReference; lastKnownFileType = sourcecode.swift; path = MyCameraUITests.swift; sourceTree = "<group>"; };
		FC1A81D5241DCF65005245A2 /* Info.plist */ = {isa = PBXFileReference; lastKnownFileType = text.plist.xml; path = Info.plist; sourceTree = "<group>"; };
/* End PBXFileReference section */

/* Begin PBXFrameworksBuildPhase section */
		FC1A81AB241DCF64005245A2 /* Frameworks */ = {
			isa = PBXFrameworksBuildPhase;
			buildActionMask = 2147483647;
			files = (
			);
			runOnlyForDeploymentPostprocessing = 0;
		};
		FC1A81C1241DCF65005245A2 /* Frameworks */ = {
			isa = PBXFrameworksBuildPhase;
			buildActionMask = 2147483647;
			files = (
			);
			runOnlyForDeploymentPostprocessing = 0;
		};
		FC1A81CC241DCF65005245A2 /* Frameworks */ = {
			isa = PBXFrameworksBuildPhase;
			buildActionMask = 2147483647;
			files = (
			);
			runOnlyForDeploymentPostprocessing = 0;
		};
/* End PBXFrameworksBuildPhase section */

/* Begin PBXGroup section */
		FC1A81A5241DCF64005245A2 = {
			isa = PBXGroup;
			children = (
				FC1A81B0241DCF64005245A2 /* MyCamera */,
				FC1A81C7241DCF65005245A2 /* MyCameraTests */,
				FC1A81D2241DCF65005245A2 /* MyCameraUITests */,
				FC1A81AF241DCF64005245A2 /* Products */,
			);
			sourceTree = "<group>";
		};
		FC1A81AF241DCF64005245A2 /* Products */ = {
			isa = PBXGroup;
			children = (
				FC1A81AE241DCF64005245A2 /* MyCamera.app */,
				FC1A81C4241DCF65005245A2 /* MyCameraTests.xctest */,
				FC1A81CF241DCF65005245A2 /* MyCameraUITests.xctest */,
			);
			name = Products;
			sourceTree = "<group>";
		};
		FC1A81B0241DCF64005245A2 /* MyCamera */ = {
			isa = PBXGroup;
			children = (
				FC1A81B1241DCF64005245A2 /* AppDelegate.swift */,
				FC1A81B3241DCF64005245A2 /* SceneDelegate.swift */,
				FC1A81B5241DCF64005245A2 /* ViewController.swift */,
				FC1A81B7241DCF64005245A2 /* Main.storyboard */,
				FC1A81BA241DCF65005245A2 /* Assets.xcassets */,
				FC1A81BC241DCF65005245A2 /* LaunchScreen.storyboard */,
				FC1A81BF241DCF65005245A2 /* Info.plist */,
			);
			path = MyCamera;
			sourceTree = "<group>";
		};
		FC1A81C7241DCF65005245A2 /* MyCameraTests */ = {
			isa = PBXGroup;
			children = (
				FC1A81C8241DCF65005245A2 /* MyCameraTests.swift */,
				FC1A81CA241DCF65005245A2 /* Info.plist */,
			);
			path = MyCameraTests;
			sourceTree = "<group>";
		};
		FC1A81D2241DCF65005245A2 /* MyCameraUITests */ = {
			isa = PBXGroup;
			children = (
				FC1A81D3241DCF65005245A2 /* MyCameraUITests.swift */,
				FC1A81D5241DCF65005245A2 /* Info.plist */,
			);
			path = MyCameraUITests;
			sourceTree = "<group>";
		};
/* End PBXGroup section */

/* Begin PBXNativeTarget section */
		FC1A81AD241DCF64005245A2 /* MyCamera */ = {
			isa = PBXNativeTarget;
			buildConfigurationList = FC1A81D8241DCF65005245A2 /* Build configuration list for PBXNativeTarget "MyCamera" */;
			buildPhases = (
				FC1A81AA241DCF64005245A2 /* Sources */,
				FC1A81AB241DCF64005245A2 /* Frameworks */,
				FC1A81AC241DCF64005245A2 /* Resources */,
			);
			buildRules = (
			);
			dependencies = (
			);
			name = MyCamera;
			productName = MyCamera;
			productReference = FC1A81AE241DCF64005245A2 /* MyCamera.app */;
			productType = "com.apple.product-type.application";
		};
		FC1A81C3241DCF65005245A2 /* MyCameraTests */ = {
			isa = PBXNativeTarget;
			buildConfigurationList = FC1A81DB241DCF65005245A2 /* Build configuration list for PBXNativeTarget "MyCameraTests" */;
			buildPhases = (
				FC1A81C0241DCF65005245A2 /* Sources */,
				FC1A81C1241DCF65005245A2 /* Frameworks */,
				FC1A81C2241DCF65005245A2 /* Resources */,
			);
			buildRules = (
			);
			dependencies = (
				FC1A81C6241DCF65005245A2 /* PBXTargetDependency */,
			);
			name = MyCameraTests;
			productName = MyCameraTests;
			productReference = FC1A81C4241DCF65005245A2 /* MyCameraTests.xctest */;
			productType = "com.apple.product-type.bundle.unit-test";
		};
		FC1A81CE241DCF65005245A2 /* MyCameraUITests */ = {
			isa = PBXNativeTarget;
			buildConfigurationList = FC1A81DE241DCF65005245A2 /* Build configuration list for PBXNativeTarget "MyCameraUITests" */;
			buildPhases = (
				FC1A81CB241DCF65005245A2 /* Sources */,
				FC1A81CC241DCF65005245A2 /* Frameworks */,
				FC1A81CD241DCF65005245A2 /* Resources */,
			);
			buildRules = (
			);
			dependencies = (
				FC1A81D1241DCF65005245A2 /* PBXTargetDependency */,
			);
			name = MyCameraUITests;
			productName = MyCameraUITests;
			productReference = FC1A81CF241DCF65005245A2 /* MyCameraUITests.xctest */;
			productType = "com.apple.product-type.bundle.ui-testing";
		};
/* End PBXNativeTarget section */

/* Begin PBXProject section */
		FC1A81A6241DCF64005245A2 /* Project object */ = {
			isa = PBXProject;
			attributes = {
				LastSwiftUpdateCheck = 1130;
				LastUpgradeCheck = 1130;
				ORGANIZATIONNAME = kaito.sugano;
				TargetAttributes = {
					FC1A81AD241DCF64005245A2 = {
						CreatedOnToolsVersion = 11.3.1;
					};
					FC1A81C3241DCF65005245A2 = {
						CreatedOnToolsVersion = 11.3.1;
						TestTargetID = FC1A81AD241DCF64005245A2;
					};
					FC1A81CE241DCF65005245A2 = {
						CreatedOnToolsVersion = 11.3.1;
						TestTargetID = FC1A81AD241DCF64005245A2;
					};
				};
			};
			buildConfigurationList = FC1A81A9241DCF64005245A2 /* Build configuration list for PBXProject "MyCamera" */;
			compatibilityVersion = "Xcode 9.3";
			developmentRegion = en;
			hasScannedForEncodings = 0;
			knownRegions = (
				en,
				Base,
			);
			mainGroup = FC1A81A5241DCF64005245A2;
			productRefGroup = FC1A81AF241DCF64005245A2 /* Products */;
			projectDirPath = "";
			projectRoot = "";
			targets = (
				FC1A81AD241DCF64005245A2 /* MyCamera */,
				FC1A81C3241DCF65005245A2 /* MyCameraTests */,
				FC1A81CE241DCF65005245A2 /* MyCameraUITests */,
			);
		};
/* End PBXProject section */

/* Begin PBXResourcesBuildPhase section */
		FC1A81AC241DCF64005245A2 /* Resources */ = {
			isa = PBXResourcesBuildPhase;
			buildActionMask = 2147483647;
			files = (
				FC1A81BE241DCF65005245A2 /* LaunchScreen.storyboard in Resources */,
				FC1A81BB241DCF65005245A2 /* Assets.xcassets in Resources */,
				FC1A81B9241DCF64005245A2 /* Main.storyboard in Resources */,
			);
			runOnlyForDeploymentPostprocessing = 0;
		};
		FC1A81C2241DCF65005245A2 /* Resources */ = {
			isa = PBXResourcesBuildPhase;
			buildActionMask = 2147483647;
			files = (
			);
			runOnlyForDeploymentPostprocessing = 0;
		};
		FC1A81CD241DCF65005245A2 /* Resources */ = {
			isa = PBXResourcesBuildPhase;
			buildActionMask = 2147483647;
			files = (
			);
			runOnlyForDeploymentPostprocessing = 0;
		};
/* End PBXResourcesBuildPhase section */

/* Begin PBXSourcesBuildPhase section */
		FC1A81AA241DCF64005245A2 /* Sources */ = {
			isa = PBXSourcesBuildPhase;
			buildActionMask = 2147483647;
			files = (
				FC1A81B6241DCF64005245A2 /* ViewController.swift in Sources */,
				FC1A81B2241DCF64005245A2 /* AppDelegate.swift in Sources */,
				FC1A81B4241DCF64005245A2 /* SceneDelegate.swift in Sources */,
			);
			runOnlyForDeploymentPostprocessing = 0;
		};
		FC1A81C0241DCF65005245A2 /* Sources */ = {
			isa = PBXSourcesBuildPhase;
			buildActionMask = 2147483647;
			files = (
				FC1A81C9241DCF65005245A2 /* MyCameraTests.swift in Sources */,
			);
			runOnlyForDeploymentPostprocessing = 0;
		};
		FC1A81CB241DCF65005245A2 /* Sources */ = {
			isa = PBXSourcesBuildPhase;
			buildActionMask = 2147483647;
			files = (
				FC1A81D4241DCF65005245A2 /* MyCameraUITests.swift in Sources */,
			);
			runOnlyForDeploymentPostprocessing = 0;
		};
/* End PBXSourcesBuildPhase section */

/* Begin PBXTargetDependency section */
		FC1A81C6241DCF65005245A2 /* PBXTargetDependency */ = {
			isa = PBXTargetDependency;
			target = FC1A81AD241DCF64005245A2 /* MyCamera */;
			targetProxy = FC1A81C5241DCF65005245A2 /* PBXContainerItemProxy */;
		};
		FC1A81D1241DCF65005245A2 /* PBXTargetDependency */ = {
			isa = PBXTargetDependency;
			target = FC1A81AD241DCF64005245A2 /* MyCamera */;
			targetProxy = FC1A81D0241DCF65005245A2 /* PBXContainerItemProxy */;
		};
/* End PBXTargetDependency section */

/* Begin PBXVariantGroup section */
		FC1A81B7241DCF64005245A2 /* Main.storyboard */ = {
			isa = PBXVariantGroup;
			children = (
				FC1A81B8241DCF64005245A2 /* Base */,
			);
			name = Main.storyboard;
			sourceTree = "<group>";
		};
		FC1A81BC241DCF65005245A2 /* LaunchScreen.storyboard */ = {
			isa = PBXVariantGroup;
			children = (
				FC1A81BD241DCF65005245A2 /* Base */,
			);
			name = LaunchScreen.storyboard;
			sourceTree = "<group>";
		};
/* End PBXVariantGroup section */

/* Begin XCBuildConfiguration section */
		FC1A81D6241DCF65005245A2 /* Debug */ = {
			isa = XCBuildConfiguration;
			buildSettings = {
				ALWAYS_SEARCH_USER_PATHS = NO;
				CLANG_ANALYZER_NONNULL = YES;
				CLANG_ANALYZER_NUMBER_OBJECT_CONVERSION = YES_AGGRESSIVE;
				CLANG_CXX_LANGUAGE_STANDARD = "gnu++14";
				CLANG_CXX_LIBRARY = "libc++";
				CLANG_ENABLE_MODULES = YES;
				CLANG_ENABLE_OBJC_ARC = YES;
				CLANG_ENABLE_OBJC_WEAK = YES;
				CLANG_WARN_BLOCK_CAPTURE_AUTORELEASING = YES;
				CLANG_WARN_BOOL_CONVERSION = YES;
				CLANG_WARN_COMMA = YES;
				CLANG_WARN_CONSTANT_CONVERSION = YES;
				CLANG_WARN_DEPRECATED_OBJC_IMPLEMENTATIONS = YES;
				CLANG_WARN_DIRECT_OBJC_ISA_USAGE = YES_ERROR;
				CLANG_WARN_DOCUMENTATION_COMMENTS = YES;
				CLANG_WARN_EMPTY_BODY = YES;
				CLANG_WARN_ENUM_CONVERSION = YES;
				CLANG_WARN_INFINITE_RECURSION = YES;
				CLANG_WARN_INT_CONVERSION = YES;
				CLANG_WARN_NON_LITERAL_NULL_CONVERSION = YES;
				CLANG_WARN_OBJC_IMPLICIT_RETAIN_SELF = YES;
				CLANG_WARN_OBJC_LITERAL_CONVERSION = YES;
				CLANG_WARN_OBJC_ROOT_CLASS = YES_ERROR;
				CLANG_WARN_RANGE_LOOP_ANALYSIS = YES;
				CLANG_WARN_STRICT_PROTOTYPES = YES;
				CLANG_WARN_SUSPICIOUS_MOVE = YES;
				CLANG_WARN_UNGUARDED_AVAILABILITY = YES_AGGRESSIVE;
				CLANG_WARN_UNREACHABLE_CODE = YES;
				CLANG_WARN__DUPLICATE_METHOD_MATCH = YES;
				COPY_PHASE_STRIP = NO;
				DEBUG_INFORMATION_FORMAT = dwarf;
				ENABLE_STRICT_OBJC_MSGSEND = YES;
				ENABLE_TESTABILITY = YES;
				GCC_C_LANGUAGE_STANDARD = gnu11;
				GCC_DYNAMIC_NO_PIC = NO;
				GCC_NO_COMMON_BLOCKS = YES;
				GCC_OPTIMIZATION_LEVEL = 0;
				GCC_PREPROCESSOR_DEFINITIONS = (
					"DEBUG=1",
					"$(inherited)",
				);
				GCC_WARN_64_TO_32_BIT_CONVERSION = YES;
				GCC_WARN_ABOUT_RETURN_TYPE = YES_ERROR;
				GCC_WARN_UNDECLARED_SELECTOR = YES;
				GCC_WARN_UNINITIALIZED_AUTOS = YES_AGGRESSIVE;
				GCC_WARN_UNUSED_FUNCTION = YES;
				GCC_WARN_UNUSED_VARIABLE = YES;
				IPHONEOS_DEPLOYMENT_TARGET = 13.2;
				MTL_ENABLE_DEBUG_INFO = INCLUDE_SOURCE;
				MTL_FAST_MATH = YES;
				ONLY_ACTIVE_ARCH = YES;
				SDKROOT = iphoneos;
				SWIFT_ACTIVE_COMPILATION_CONDITIONS = DEBUG;
				SWIFT_OPTIMIZATION_LEVEL = "-Onone";
			};
			name = Debug;
		};
		FC1A81D7241DCF65005245A2 /* Release */ = {
			isa = XCBuildConfiguration;
			buildSettings = {
				ALWAYS_SEARCH_USER_PATHS = NO;
				CLANG_ANALYZER_NONNULL = YES;
				CLANG_ANALYZER_NUMBER_OBJECT_CONVERSION = YES_AGGRESSIVE;
				CLANG_CXX_LANGUAGE_STANDARD = "gnu++14";
				CLANG_CXX_LIBRARY = "libc++";
				CLANG_ENABLE_MODULES = YES;
				CLANG_ENABLE_OBJC_ARC = YES;
				CLANG_ENABLE_OBJC_WEAK = YES;
				CLANG_WARN_BLOCK_CAPTURE_AUTORELEASING = YES;
				CLANG_WARN_BOOL_CONVERSION = YES;
				CLANG_WARN_COMMA = YES;
				CLANG_WARN_CONSTANT_CONVERSION = YES;
				CLANG_WARN_DEPRECATED_OBJC_IMPLEMENTATIONS = YES;
				CLANG_WARN_DIRECT_OBJC_ISA_USAGE = YES_ERROR;
				CLANG_WARN_DOCUMENTATION_COMMENTS = YES;
				CLANG_WARN_EMPTY_BODY = YES;
				CLANG_WARN_ENUM_CONVERSION = YES;
				CLANG_WARN_INFINITE_RECURSION = YES;
				CLANG_WARN_INT_CONVERSION = YES;
				CLANG_WARN_NON_LITERAL_NULL_CONVERSION = YES;
				CLANG_WARN_OBJC_IMPLICIT_RETAIN_SELF = YES;
				CLANG_WARN_OBJC_LITERAL_CONVERSION = YES;
				CLANG_WARN_OBJC_ROOT_CLASS = YES_ERROR;
				CLANG_WARN_RANGE_LOOP_ANALYSIS = YES;
				CLANG_WARN_STRICT_PROTOTYPES = YES;
				CLANG_WARN_SUSPICIOUS_MOVE = YES;
				CLANG_WARN_UNGUARDED_AVAILABILITY = YES_AGGRESSIVE;
				CLANG_WARN_UNREACHABLE_CODE = YES;
				CLANG_WARN__DUPLICATE_METHOD_MATCH = YES;
				COPY_PHASE_STRIP = NO;
				DEBUG_INFORMATION_FORMAT = "dwarf-with-dsym";
				ENABLE_NS_ASSERTIONS = NO;
				ENABLE_STRICT_OBJC_MSGSEND = YES;
				GCC_C_LANGUAGE_STANDARD = gnu11;
				GCC_NO_COMMON_BLOCKS = YES;
				GCC_WARN_64_TO_32_BIT_CONVERSION = YES;
				GCC_WARN_ABOUT_RETURN_TYPE = YES_ERROR;
				GCC_WARN_UNDECLARED_SELECTOR = YES;
				GCC_WARN_UNINITIALIZED_AUTOS = YES_AGGRESSIVE;
				GCC_WARN_UNUSED_FUNCTION = YES;
				GCC_WARN_UNUSED_VARIABLE = YES;
				IPHONEOS_DEPLOYMENT_TARGET = 13.2;
				MTL_ENABLE_DEBUG_INFO = NO;
				MTL_FAST_MATH = YES;
				SDKROOT = iphoneos;
				SWIFT_COMPILATION_MODE = wholemodule;
				SWIFT_OPTIMIZATION_LEVEL = "-O";
				VALIDATE_PRODUCT = YES;
			};
			name = Release;
		};
		FC1A81D9241DCF65005245A2 /* Debug */ = {
			isa = XCBuildConfiguration;
			buildSettings = {
				ASSETCATALOG_COMPILER_APPICON_NAME = AppIcon;
				CODE_SIGN_STYLE = Automatic;
				INFOPLIST_FILE = MyCamera/Info.plist;
				LD_RUNPATH_SEARCH_PATHS = (
					"$(inherited)",
					"@executable_path/Frameworks",
				);
				PRODUCT_BUNDLE_IDENTIFIER = kaito.sugano.MyCamera;
				PRODUCT_NAME = "$(TARGET_NAME)";
				SWIFT_VERSION = 5.0;
				TARGETED_DEVICE_FAMILY = "1,2";
			};
			name = Debug;
		};
		FC1A81DA241DCF65005245A2 /* Release */ = {
			isa = XCBuildConfiguration;
			buildSettings = {
				ASSETCATALOG_COMPILER_APPICON_NAME = AppIcon;
				CODE_SIGN_STYLE = Automatic;
				INFOPLIST_FILE = MyCamera/Info.plist;
				LD_RUNPATH_SEARCH_PATHS = (
					"$(inherited)",
					"@executable_path/Frameworks",
				);
				PRODUCT_BUNDLE_IDENTIFIER = kaito.sugano.MyCamera;
				PRODUCT_NAME = "$(TARGET_NAME)";
				SWIFT_VERSION = 5.0;
				TARGETED_DEVICE_FAMILY = "1,2";
			};
			name = Release;
		};
		FC1A81DC241DCF65005245A2 /* Debug */ = {
			isa = XCBuildConfiguration;
			buildSettings = {
				ALWAYS_EMBED_SWIFT_STANDARD_LIBRARIES = YES;
				BUNDLE_LOADER = "$(TEST_HOST)";
				CODE_SIGN_STYLE = Automatic;
				INFOPLIST_FILE = MyCameraTests/Info.plist;
				IPHONEOS_DEPLOYMENT_TARGET = 13.2;
				LD_RUNPATH_SEARCH_PATHS = (
					"$(inherited)",
					"@executable_path/Frameworks",
					"@loader_path/Frameworks",
				);
				PRODUCT_BUNDLE_IDENTIFIER = kaito.sugano.MyCameraTests;
				PRODUCT_NAME = "$(TARGET_NAME)";
				SWIFT_VERSION = 5.0;
				TARGETED_DEVICE_FAMILY = "1,2";
				TEST_HOST = "$(BUILT_PRODUCTS_DIR)/MyCamera.app/MyCamera";
			};
			name = Debug;
		};
		FC1A81DD241DCF65005245A2 /* Release */ = {
			isa = XCBuildConfiguration;
			buildSettings = {
				ALWAYS_EMBED_SWIFT_STANDARD_LIBRARIES = YES;
				BUNDLE_LOADER = "$(TEST_HOST)";
				CODE_SIGN_STYLE = Automatic;
				INFOPLIST_FILE = MyCameraTests/Info.plist;
				IPHONEOS_DEPLOYMENT_TARGET = 13.2;
				LD_RUNPATH_SEARCH_PATHS = (
					"$(inherited)",
					"@executable_path/Frameworks",
					"@loader_path/Frameworks",
				);
				PRODUCT_BUNDLE_IDENTIFIER = kaito.sugano.MyCameraTests;
				PRODUCT_NAME = "$(TARGET_NAME)";
				SWIFT_VERSION = 5.0;
				TARGETED_DEVICE_FAMILY = "1,2";
				TEST_HOST = "$(BUILT_PRODUCTS_DIR)/MyCamera.app/MyCamera";
			};
			name = Release;
		};
		FC1A81DF241DCF65005245A2 /* Debug */ = {
			isa = XCBuildConfiguration;
			buildSettings = {
				ALWAYS_EMBED_SWIFT_STANDARD_LIBRARIES = YES;
				CODE_SIGN_STYLE = Automatic;
				INFOPLIST_FILE = MyCameraUITests/Info.plist;
				LD_RUNPATH_SEARCH_PATHS = (
					"$(inherited)",
					"@executable_path/Frameworks",
					"@loader_path/Frameworks",
				);
				PRODUCT_BUNDLE_IDENTIFIER = kaito.sugano.MyCameraUITests;
				PRODUCT_NAME = "$(TARGET_NAME)";
				SWIFT_VERSION = 5.0;
				TARGETED_DEVICE_FAMILY = "1,2";
				TEST_TARGET_NAME = MyCamera;
			};
			name = Debug;
		};
		FC1A81E0241DCF65005245A2 /* Release */ = {
			isa = XCBuildConfiguration;
			buildSettings = {
				ALWAYS_EMBED_SWIFT_STANDARD_LIBRARIES = YES;
				CODE_SIGN_STYLE = Automatic;
				INFOPLIST_FILE = MyCameraUITests/Info.plist;
				LD_RUNPATH_SEARCH_PATHS = (
					"$(inherited)",
					"@executable_path/Frameworks",
					"@loader_path/Frameworks",
				);
				PRODUCT_BUNDLE_IDENTIFIER = kaito.sugano.MyCameraUITests;
				PRODUCT_NAME = "$(TARGET_NAME)";
				SWIFT_VERSION = 5.0;
				TARGETED_DEVICE_FAMILY = "1,2";
				TEST_TARGET_NAME = MyCamera;
			};
			name = Release;
		};
/* End XCBuildConfiguration section */

/* Begin XCConfigurationList section */
		FC1A81A9241DCF64005245A2 /* Build configuration list for PBXProject "MyCamera" */ = {
			isa = XCConfigurationList;
			buildConfigurations = (
				FC1A81D6241DCF65005245A2 /* Debug */,
				FC1A81D7241DCF65005245A2 /* Release */,
			);
			defaultConfigurationIsVisible = 0;
			defaultConfigurationName = Release;
		};
		FC1A81D8241DCF65005245A2 /* Build configuration list for PBXNativeTarget "MyCamera" */ = {
			isa = XCConfigurationList;
			buildConfigurations = (
				FC1A81D9241DCF65005245A2 /* Debug */,
				FC1A81DA241DCF65005245A2 /* Release */,
			);
			defaultConfigurationIsVisible = 0;
			defaultConfigurationName = Release;
		};
		FC1A81DB241DCF65005245A2 /* Build configuration list for PBXNativeTarget "MyCameraTests" */ = {
			isa = XCConfigurationList;
			buildConfigurations = (
				FC1A81DC241DCF65005245A2 /* Debug */,
				FC1A81DD241DCF65005245A2 /* Release */,
			);
			defaultConfigurationIsVisible = 0;
			defaultConfigurationName = Release;
		};
		FC1A81DE241DCF65005245A2 /* Build configuration list for PBXNativeTarget "MyCameraUITests" */ = {
			isa = XCConfigurationList;
			buildConfigurations = (
				FC1A81DF241DCF65005245A2 /* Debug */,
				FC1A81E0241DCF65005245A2 /* Release */,
			);
			defaultConfigurationIsVisible = 0;
			defaultConfigurationName = Release;
		};
/* End XCConfigurationList section */
	};
	rootObject = FC1A81A6241DCF64005245A2 /* Project object */;
}
